// !$*UTF8*$!
{
	archiveVersion = 1;
	classes = {
	};
	objectVersion = 56;
	objects = {

/* Begin PBXBuildFile section */
		305C0D372B19FA1F00168981 /* SolutionsApp.swift in Sources */ = {isa = PBXBuildFile; fileRef = 305C0D362B19FA1F00168981 /* SolutionsApp.swift */; };
		305C0D392B19FA1F00168981 /* ContentView.swift in Sources */ = {isa = PBXBuildFile; fileRef = 305C0D382B19FA1F00168981 /* ContentView.swift */; };
		305C0D3B2B19FA2100168981 /* Assets.xcassets in Resources */ = {isa = PBXBuildFile; fileRef = 305C0D3A2B19FA2100168981 /* Assets.xcassets */; };
		305C0D3E2B19FA2100168981 /* Preview Assets.xcassets in Resources */ = {isa = PBXBuildFile; fileRef = 305C0D3D2B19FA2100168981 /* Preview Assets.xcassets */; };
		30CBA4AD2B1C11E30039BE2D /* Solutions.swift in Sources */ = {isa = PBXBuildFile; fileRef = 30CBA4AC2B1C11E30039BE2D /* Solutions.swift */; };
		30CBA4B12B1C19100039BE2D /* DaySummaryView.swift in Sources */ = {isa = PBXBuildFile; fileRef = 30CBA4B02B1C19100039BE2D /* DaySummaryView.swift */; };
		30CBA4B32B1C223C0039BE2D /* Day2.framework in Frameworks */ = {isa = PBXBuildFile; fileRef = 30CBA4B22B1C223C0039BE2D /* Day2.framework */; };
		30CBA4B42B1C223C0039BE2D /* Day2.framework in Embed Frameworks */ = {isa = PBXBuildFile; fileRef = 30CBA4B22B1C223C0039BE2D /* Day2.framework */; settings = {ATTRIBUTES = (CodeSignOnCopy, RemoveHeadersOnCopy, ); }; };
		30CBA4B62B1C24FD0039BE2D /* Day1.framework in Frameworks */ = {isa = PBXBuildFile; fileRef = 30CBA4B52B1C24FD0039BE2D /* Day1.framework */; };
		30CBA4B72B1C24FD0039BE2D /* Day1.framework in Embed Frameworks */ = {isa = PBXBuildFile; fileRef = 30CBA4B52B1C24FD0039BE2D /* Day1.framework */; settings = {ATTRIBUTES = (CodeSignOnCopy, RemoveHeadersOnCopy, ); }; };
/* End PBXBuildFile section */

/* Begin PBXCopyFilesBuildPhase section */
		305C0D482B19FCEF00168981 /* Embed Frameworks */ = {
			isa = PBXCopyFilesBuildPhase;
			buildActionMask = 2147483647;
			dstPath = "";
			dstSubfolderSpec = 10;
			files = (
				30CBA4B42B1C223C0039BE2D /* Day2.framework in Embed Frameworks */,
				30CBA4B72B1C24FD0039BE2D /* Day1.framework in Embed Frameworks */,
			);
			name = "Embed Frameworks";
			runOnlyForDeploymentPostprocessing = 0;
		};
/* End PBXCopyFilesBuildPhase section */

/* Begin PBXFileReference section */
		305C0D332B19FA1F00168981 /* Solutions.app */ = {isa = PBXFileReference; explicitFileType = wrapper.application; includeInIndex = 0; path = Solutions.app; sourceTree = BUILT_PRODUCTS_DIR; };
		305C0D362B19FA1F00168981 /* SolutionsApp.swift */ = {isa = PBXFileReference; lastKnownFileType = sourcecode.swift; path = SolutionsApp.swift; sourceTree = "<group>"; };
		305C0D382B19FA1F00168981 /* ContentView.swift */ = {isa = PBXFileReference; lastKnownFileType = sourcecode.swift; path = ContentView.swift; sourceTree = "<group>"; };
		305C0D3A2B19FA2100168981 /* Assets.xcassets */ = {isa = PBXFileReference; lastKnownFileType = folder.assetcatalog; path = Assets.xcassets; sourceTree = "<group>"; };
		305C0D3D2B19FA2100168981 /* Preview Assets.xcassets */ = {isa = PBXFileReference; lastKnownFileType = folder.assetcatalog; path = "Preview Assets.xcassets"; sourceTree = "<group>"; };
		305C0D452B19FCEF00168981 /* AOC2023_Day1.framework */ = {isa = PBXFileReference; explicitFileType = wrapper.framework; path = AOC2023_Day1.framework; sourceTree = BUILT_PRODUCTS_DIR; };
		305C0D5F2B1BEB8900168981 /* AOC2023_Day2.framework */ = {isa = PBXFileReference; explicitFileType = wrapper.framework; path = AOC2023_Day2.framework; sourceTree = BUILT_PRODUCTS_DIR; };
		30CBA4AC2B1C11E30039BE2D /* Solutions.swift */ = {isa = PBXFileReference; lastKnownFileType = sourcecode.swift; path = Solutions.swift; sourceTree = "<group>"; };
		30CBA4B02B1C19100039BE2D /* DaySummaryView.swift */ = {isa = PBXFileReference; lastKnownFileType = sourcecode.swift; path = DaySummaryView.swift; sourceTree = "<group>"; };
		30CBA4B22B1C223C0039BE2D /* Day2.framework */ = {isa = PBXFileReference; explicitFileType = wrapper.framework; path = Day2.framework; sourceTree = BUILT_PRODUCTS_DIR; };
		30CBA4B52B1C24FD0039BE2D /* Day1.framework */ = {isa = PBXFileReference; explicitFileType = wrapper.framework; path = Day1.framework; sourceTree = BUILT_PRODUCTS_DIR; };
/* End PBXFileReference section */

/* Begin PBXFrameworksBuildPhase section */
		305C0D302B19FA1F00168981 /* Frameworks */ = {
			isa = PBXFrameworksBuildPhase;
			buildActionMask = 2147483647;
			files = (
				30CBA4B32B1C223C0039BE2D /* Day2.framework in Frameworks */,
				30CBA4B62B1C24FD0039BE2D /* Day1.framework in Frameworks */,
			);
			runOnlyForDeploymentPostprocessing = 0;
		};
/* End PBXFrameworksBuildPhase section */

/* Begin PBXGroup section */
		305C0D2A2B19FA1F00168981 = {
			isa = PBXGroup;
			children = (
				305C0D352B19FA1F00168981 /* Solutions */,
				305C0D342B19FA1F00168981 /* Products */,
				305C0D442B19FCEF00168981 /* Frameworks */,
			);
			sourceTree = "<group>";
		};
		305C0D342B19FA1F00168981 /* Products */ = {
			isa = PBXGroup;
			children = (
				305C0D332B19FA1F00168981 /* Solutions.app */,
			);
			name = Products;
			sourceTree = "<group>";
		};
		305C0D352B19FA1F00168981 /* Solutions */ = {
			isa = PBXGroup;
			children = (
				305C0D362B19FA1F00168981 /* SolutionsApp.swift */,
				305C0D382B19FA1F00168981 /* ContentView.swift */,
				30CBA4B02B1C19100039BE2D /* DaySummaryView.swift */,
				30CBA4AC2B1C11E30039BE2D /* Solutions.swift */,
				305C0D3A2B19FA2100168981 /* Assets.xcassets */,
				305C0D3C2B19FA2100168981 /* Preview Content */,
			);
			path = Solutions;
			sourceTree = "<group>";
		};
		305C0D3C2B19FA2100168981 /* Preview Content */ = {
			isa = PBXGroup;
			children = (
				305C0D3D2B19FA2100168981 /* Preview Assets.xcassets */,
			);
			path = "Preview Content";
			sourceTree = "<group>";
		};
		305C0D442B19FCEF00168981 /* Frameworks */ = {
			isa = PBXGroup;
			children = (
				30CBA4B52B1C24FD0039BE2D /* Day1.framework */,
				30CBA4B22B1C223C0039BE2D /* Day2.framework */,
				305C0D5F2B1BEB8900168981 /* AOC2023_Day2.framework */,
				305C0D452B19FCEF00168981 /* AOC2023_Day1.framework */,
			);
			name = Frameworks;
			sourceTree = "<group>";
		};
/* End PBXGroup section */

/* Begin PBXNativeTarget section */
		305C0D322B19FA1F00168981 /* Solutions */ = {
			isa = PBXNativeTarget;
			buildConfigurationList = 305C0D412B19FA2100168981 /* Build configuration list for PBXNativeTarget "Solutions" */;
			buildPhases = (
				305C0D2F2B19FA1F00168981 /* Sources */,
				305C0D302B19FA1F00168981 /* Frameworks */,
				305C0D312B19FA1F00168981 /* Resources */,
				305C0D482B19FCEF00168981 /* Embed Frameworks */,
			);
			buildRules = (
			);
			dependencies = (
			);
			name = Solutions;
			productName = "AOC2023-Solutions";
			productReference = 305C0D332B19FA1F00168981 /* Solutions.app */;
			productType = "com.apple.product-type.application";
		};
/* End PBXNativeTarget section */

/* Begin PBXProject section */
		305C0D2B2B19FA1F00168981 /* Project object */ = {
			isa = PBXProject;
			attributes = {
				BuildIndependentTargetsInParallel = 1;
				LastSwiftUpdateCheck = 1500;
				LastUpgradeCheck = 1500;
				TargetAttributes = {
					305C0D322B19FA1F00168981 = {
						CreatedOnToolsVersion = 15.0;
					};
				};
			};
			buildConfigurationList = 305C0D2E2B19FA1F00168981 /* Build configuration list for PBXProject "Solutions" */;
			compatibilityVersion = "Xcode 14.0";
			developmentRegion = en;
			hasScannedForEncodings = 0;
			knownRegions = (
				en,
				Base,
			);
			mainGroup = 305C0D2A2B19FA1F00168981;
			productRefGroup = 305C0D342B19FA1F00168981 /* Products */;
			projectDirPath = "";
			projectRoot = "";
			targets = (
				305C0D322B19FA1F00168981 /* Solutions */,
			);
		};
/* End PBXProject section */

/* Begin PBXResourcesBuildPhase section */
		305C0D312B19FA1F00168981 /* Resources */ = {
			isa = PBXResourcesBuildPhase;
			buildActionMask = 2147483647;
			files = (
				305C0D3E2B19FA2100168981 /* Preview Assets.xcassets in Resources */,
				305C0D3B2B19FA2100168981 /* Assets.xcassets in Resources */,
			);
			runOnlyForDeploymentPostprocessing = 0;
		};
/* End PBXResourcesBuildPhase section */

/* Begin PBXSourcesBuildPhase section */
		305C0D2F2B19FA1F00168981 /* Sources */ = {
			isa = PBXSourcesBuildPhase;
			buildActionMask = 2147483647;
			files = (
				305C0D392B19FA1F00168981 /* ContentView.swift in Sources */,
				305C0D372B19FA1F00168981 /* SolutionsApp.swift in Sources */,
				30CBA4B12B1C19100039BE2D /* DaySummaryView.swift in Sources */,
				30CBA4AD2B1C11E30039BE2D /* Solutions.swift in Sources */,
			);
			runOnlyForDeploymentPostprocessing = 0;
		};
/* End PBXSourcesBuildPhase section */

/* Begin XCBuildConfiguration section */
		305C0D3F2B19FA2100168981 /* Debug */ = {
			isa = XCBuildConfiguration;
			buildSettings = {
				ALWAYS_SEARCH_USER_PATHS = NO;
				ASSETCATALOG_COMPILER_GENERATE_SWIFT_ASSET_SYMBOL_EXTENSIONS = YES;
				CLANG_ANALYZER_NONNULL = YES;
				CLANG_ANALYZER_NUMBER_OBJECT_CONVERSION = YES_AGGRESSIVE;
				CLANG_CXX_LANGUAGE_STANDARD = "gnu++20";
				CLANG_ENABLE_MODULES = YES;
				CLANG_ENABLE_OBJC_ARC = YES;
				CLANG_ENABLE_OBJC_WEAK = YES;
				CLANG_WARN_BLOCK_CAPTURE_AUTORELEASING = YES;
				CLANG_WARN_BOOL_CONVERSION = YES;
				CLANG_WARN_COMMA = YES;
				CLANG_WARN_CONSTANT_CONVERSION = YES;
				CLANG_WARN_DEPRECATED_OBJC_IMPLEMENTATIONS = YES;
				CLANG_WARN_DIRECT_OBJC_ISA_USAGE = YES_ERROR;
				CLANG_WARN_DOCUMENTATION_COMMENTS = YES;
				CLANG_WARN_EMPTY_BODY = YES;
				CLANG_WARN_ENUM_CONVERSION = YES;
				CLANG_WARN_INFINITE_RECURSION = YES;
				CLANG_WARN_INT_CONVERSION = YES;
				CLANG_WARN_NON_LITERAL_NULL_CONVERSION = YES;
				CLANG_WARN_OBJC_IMPLICIT_RETAIN_SELF = YES;
				CLANG_WARN_OBJC_LITERAL_CONVERSION = YES;
				CLANG_WARN_OBJC_ROOT_CLASS = YES_ERROR;
				CLANG_WARN_QUOTED_INCLUDE_IN_FRAMEWORK_HEADER = YES;
				CLANG_WARN_RANGE_LOOP_ANALYSIS = YES;
				CLANG_WARN_STRICT_PROTOTYPES = YES;
				CLANG_WARN_SUSPICIOUS_MOVE = YES;
				CLANG_WARN_UNGUARDED_AVAILABILITY = YES_AGGRESSIVE;
				CLANG_WARN_UNREACHABLE_CODE = YES;
				CLANG_WARN__DUPLICATE_METHOD_MATCH = YES;
				COPY_PHASE_STRIP = NO;
				DEBUG_INFORMATION_FORMAT = dwarf;
				ENABLE_STRICT_OBJC_MSGSEND = YES;
				ENABLE_TESTABILITY = YES;
				ENABLE_USER_SCRIPT_SANDBOXING = YES;
				GCC_C_LANGUAGE_STANDARD = gnu17;
				GCC_DYNAMIC_NO_PIC = NO;
				GCC_NO_COMMON_BLOCKS = YES;
				GCC_OPTIMIZATION_LEVEL = 0;
				GCC_PREPROCESSOR_DEFINITIONS = (
					"DEBUG=1",
					"$(inherited)",
				);
				GCC_WARN_64_TO_32_BIT_CONVERSION = YES;
				GCC_WARN_ABOUT_RETURN_TYPE = YES_ERROR;
				GCC_WARN_UNDECLARED_SELECTOR = YES;
				GCC_WARN_UNINITIALIZED_AUTOS = YES_AGGRESSIVE;
				GCC_WARN_UNUSED_FUNCTION = YES;
				GCC_WARN_UNUSED_VARIABLE = YES;
				IPHONEOS_DEPLOYMENT_TARGET = 17.0;
				LOCALIZATION_PREFERS_STRING_CATALOGS = YES;
				MTL_ENABLE_DEBUG_INFO = INCLUDE_SOURCE;
				MTL_FAST_MATH = YES;
				ONLY_ACTIVE_ARCH = YES;
				SDKROOT = iphoneos;
				SWIFT_ACTIVE_COMPILATION_CONDITIONS = "DEBUG $(inherited)";
				SWIFT_OPTIMIZATION_LEVEL = "-Onone";
			};
			name = Debug;
		};
		305C0D402B19FA2100168981 /* Release */ = {
			isa = XCBuildConfiguration;
			buildSettings = {
				ALWAYS_SEARCH_USER_PATHS = NO;
				ASSETCATALOG_COMPILER_GENERATE_SWIFT_ASSET_SYMBOL_EXTENSIONS = YES;
				CLANG_ANALYZER_NONNULL = YES;
				CLANG_ANALYZER_NUMBER_OBJECT_CONVERSION = YES_AGGRESSIVE;
				CLANG_CXX_LANGUAGE_STANDARD = "gnu++20";
				CLANG_ENABLE_MODULES = YES;
				CLANG_ENABLE_OBJC_ARC = YES;
				CLANG_ENABLE_OBJC_WEAK = YES;
				CLANG_WARN_BLOCK_CAPTURE_AUTORELEASING = YES;
				CLANG_WARN_BOOL_CONVERSION = YES;
				CLANG_WARN_COMMA = YES;
				CLANG_WARN_CONSTANT_CONVERSION = YES;
				CLANG_WARN_DEPRECATED_OBJC_IMPLEMENTATIONS = YES;
				CLANG_WARN_DIRECT_OBJC_ISA_USAGE = YES_ERROR;
				CLANG_WARN_DOCUMENTATION_COMMENTS = YES;
				CLANG_WARN_EMPTY_BODY = YES;
				CLANG_WARN_ENUM_CONVERSION = YES;
				CLANG_WARN_INFINITE_RECURSION = YES;
				CLANG_WARN_INT_CONVERSION = YES;
				CLANG_WARN_NON_LITERAL_NULL_CONVERSION = YES;
				CLANG_WARN_OBJC_IMPLICIT_RETAIN_SELF = YES;
				CLANG_WARN_OBJC_LITERAL_CONVERSION = YES;
				CLANG_WARN_OBJC_ROOT_CLASS = YES_ERROR;
				CLANG_WARN_QUOTED_INCLUDE_IN_FRAMEWORK_HEADER = YES;
				CLANG_WARN_RANGE_LOOP_ANALYSIS = YES;
				CLANG_WARN_STRICT_PROTOTYPES = YES;
				CLANG_WARN_SUSPICIOUS_MOVE = YES;
				CLANG_WARN_UNGUARDED_AVAILABILITY = YES_AGGRESSIVE;
				CLANG_WARN_UNREACHABLE_CODE = YES;
				CLANG_WARN__DUPLICATE_METHOD_MATCH = YES;
				COPY_PHASE_STRIP = NO;
				DEBUG_INFORMATION_FORMAT = "dwarf-with-dsym";
				ENABLE_NS_ASSERTIONS = NO;
				ENABLE_STRICT_OBJC_MSGSEND = YES;
				ENABLE_USER_SCRIPT_SANDBOXING = YES;
				GCC_C_LANGUAGE_STANDARD = gnu17;
				GCC_NO_COMMON_BLOCKS = YES;
				GCC_WARN_64_TO_32_BIT_CONVERSION = YES;
				GCC_WARN_ABOUT_RETURN_TYPE = YES_ERROR;
				GCC_WARN_UNDECLARED_SELECTOR = YES;
				GCC_WARN_UNINITIALIZED_AUTOS = YES_AGGRESSIVE;
				GCC_WARN_UNUSED_FUNCTION = YES;
				GCC_WARN_UNUSED_VARIABLE = YES;
				IPHONEOS_DEPLOYMENT_TARGET = 17.0;
				LOCALIZATION_PREFERS_STRING_CATALOGS = YES;
				MTL_ENABLE_DEBUG_INFO = NO;
				MTL_FAST_MATH = YES;
				SDKROOT = iphoneos;
				SWIFT_COMPILATION_MODE = wholemodule;
				VALIDATE_PRODUCT = YES;
			};
			name = Release;
		};
		305C0D422B19FA2100168981 /* Debug */ = {
			isa = XCBuildConfiguration;
			buildSettings = {
				ASSETCATALOG_COMPILER_APPICON_NAME = AppIcon;
				ASSETCATALOG_COMPILER_GLOBAL_ACCENT_COLOR_NAME = AccentColor;
				CODE_SIGN_STYLE = Automatic;
				CURRENT_PROJECT_VERSION = 1;
				DEVELOPMENT_ASSET_PATHS = "\"Solutions/Preview Content\"";
				DEVELOPMENT_TEAM = 9SPL76B3GR;
				ENABLE_PREVIEWS = YES;
				FRAMEWORK_SEARCH_PATHS = "";
				GENERATE_INFOPLIST_FILE = YES;
				INFOPLIST_KEY_UIApplicationSceneManifest_Generation = YES;
				INFOPLIST_KEY_UIApplicationSupportsIndirectInputEvents = YES;
				INFOPLIST_KEY_UILaunchScreen_Generation = YES;
				INFOPLIST_KEY_UISupportedInterfaceOrientations_iPad = "UIInterfaceOrientationPortrait UIInterfaceOrientationPortraitUpsideDown UIInterfaceOrientationLandscapeLeft UIInterfaceOrientationLandscapeRight";
				INFOPLIST_KEY_UISupportedInterfaceOrientations_iPhone = "UIInterfaceOrientationPortrait UIInterfaceOrientationLandscapeLeft UIInterfaceOrientationLandscapeRight";
				LD_RUNPATH_SEARCH_PATHS = (
					"$(inherited)",
					"@executable_path/Frameworks",
				);
				MARKETING_VERSION = 1.0;
				PRODUCT_BUNDLE_IDENTIFIER = de.lewisbar.Solutions;
				PRODUCT_NAME = "$(TARGET_NAME)";
				SUPPORTED_PLATFORMS = "iphonesimulator iphoneos";
				SWIFT_EMIT_LOC_STRINGS = YES;
				SWIFT_VERSION = 5.0;
				TARGETED_DEVICE_FAMILY = "1,2";
			};
			name = Debug;
		};
		305C0D432B19FA2100168981 /* Release */ = {
			isa = XCBuildConfiguration;
			buildSettings = {
				ASSETCATALOG_COMPILER_APPICON_NAME = AppIcon;
				ASSETCATALOG_COMPILER_GLOBAL_ACCENT_COLOR_NAME = AccentColor;
				CODE_SIGN_STYLE = Automatic;
				CURRENT_PROJECT_VERSION = 1;
				DEVELOPMENT_ASSET_PATHS = "\"Solutions/Preview Content\"";
				DEVELOPMENT_TEAM = 9SPL76B3GR;
				ENABLE_PREVIEWS = YES;
				FRAMEWORK_SEARCH_PATHS = "";
				GENERATE_INFOPLIST_FILE = YES;
				INFOPLIST_KEY_UIApplicationSceneManifest_Generation = YES;
				INFOPLIST_KEY_UIApplicationSupportsIndirectInputEvents = YES;
				INFOPLIST_KEY_UILaunchScreen_Generation = YES;
				INFOPLIST_KEY_UISupportedInterfaceOrientations_iPad = "UIInterfaceOrientationPortrait UIInterfaceOrientationPortraitUpsideDown UIInterfaceOrientationLandscapeLeft UIInterfaceOrientationLandscapeRight";
				INFOPLIST_KEY_UISupportedInterfaceOrientations_iPhone = "UIInterfaceOrientationPortrait UIInterfaceOrientationLandscapeLeft UIInterfaceOrientationLandscapeRight";
				LD_RUNPATH_SEARCH_PATHS = (
					"$(inherited)",
					"@executable_path/Frameworks",
				);
				MARKETING_VERSION = 1.0;
				PRODUCT_BUNDLE_IDENTIFIER = de.lewisbar.Solutions;
				PRODUCT_NAME = "$(TARGET_NAME)";
				SUPPORTED_PLATFORMS = "iphonesimulator iphoneos";
				SWIFT_EMIT_LOC_STRINGS = YES;
				SWIFT_VERSION = 5.0;
				TARGETED_DEVICE_FAMILY = "1,2";
			};
			name = Release;
		};
/* End XCBuildConfiguration section */

/* Begin XCConfigurationList section */
		305C0D2E2B19FA1F00168981 /* Build configuration list for PBXProject "Solutions" */ = {
			isa = XCConfigurationList;
			buildConfigurations = (
				305C0D3F2B19FA2100168981 /* Debug */,
				305C0D402B19FA2100168981 /* Release */,
			);
			defaultConfigurationIsVisible = 0;
			defaultConfigurationName = Release;
		};
		305C0D412B19FA2100168981 /* Build configuration list for PBXNativeTarget "Solutions" */ = {
			isa = XCConfigurationList;
			buildConfigurations = (
				305C0D422B19FA2100168981 /* Debug */,
				305C0D432B19FA2100168981 /* Release */,
			);
			defaultConfigurationIsVisible = 0;
			defaultConfigurationName = Release;
		};
/* End XCConfigurationList section */
	};
	rootObject = 305C0D2B2B19FA1F00168981 /* Project object */;
}
